
Microsoft Visual Studio Solution File, Format Version 12.00
# Visual Studio Version 17
VisualStudioVersion = 17.8.34322.80
MinimumVisualStudioVersion = 10.0.40219.1
Project("{FAE04EC0-301F-11D3-BF4B-00C04F79EFBC}") = "Quiz3", "Quiz3\Quiz3.csproj", "{6B8CDBC3-5F7B-42B8-95C2-78F11BFEA082}"
EndProject
Global
	GlobalSection(SolutionConfigurationPlatforms) = preSolution
		Debug|Any CPU = Debug|Any CPU
		Release|Any CPU = Release|Any CPU
	EndGlobalSection
	GlobalSection(ProjectConfigurationPlatforms) = postSolution
		{6B8CDBC3-5F7B-42B8-95C2-78F11BFEA082}.Debug|Any CPU.ActiveCfg = Debug|Any CPU
		{6B8CDBC3-5F7B-42B8-95C2-78F11BFEA082}.Debug|Any CPU.Build.0 = Debug|Any CPU
		{6B8CDBC3-5F7B-42B8-95C2-78F11BFEA082}.Release|Any CPU.ActiveCfg = Release|Any CPU
		{6B8CDBC3-5F7B-42B8-95C2-78F11BFEA082}.Release|Any CPU.Build.0 = Release|Any CPU
	EndGlobalSection
	GlobalSection(SolutionProperties) = preSolution
		HideSolutionNode = FALSE
	EndGlobalSection
	GlobalSection(ExtensibilityGlobals) = postSolution
		SolutionGuid = {D5B544D5-31B3-4938-BE2E-85B6715B7D95}
	EndGlobalSection
EndGlobal
